// !$*UTF8*$!
{
	archiveVersion = 1;
	classes = {
	};
	objectVersion = 50;
	objects = {

/* Begin PBXBuildFile section */
		46C31587244F729100AD5365 /* AppDelegate.swift in Sources */ = {isa = PBXBuildFile; fileRef = 46C31586244F729100AD5365 /* AppDelegate.swift */; };
		46C31589244F729100AD5365 /* SceneDelegate.swift in Sources */ = {isa = PBXBuildFile; fileRef = 46C31588244F729100AD5365 /* SceneDelegate.swift */; };
		46C3158B244F729100AD5365 /* ViewController.swift in Sources */ = {isa = PBXBuildFile; fileRef = 46C3158A244F729100AD5365 /* ViewController.swift */; };
		46C3158E244F729100AD5365 /* Main.storyboard in Resources */ = {isa = PBXBuildFile; fileRef = 46C3158C244F729100AD5365 /* Main.storyboard */; };
		46C31590244F729500AD5365 /* Assets.xcassets in Resources */ = {isa = PBXBuildFile; fileRef = 46C3158F244F729500AD5365 /* Assets.xcassets */; };
		46C31593244F729500AD5365 /* LaunchScreen.storyboard in Resources */ = {isa = PBXBuildFile; fileRef = 46C31591244F729500AD5365 /* LaunchScreen.storyboard */; };
		46C315AC245055C300AD5365 /* ProductInput.swift in Sources */ = {isa = PBXBuildFile; fileRef = 46C315AB245055C300AD5365 /* ProductInput.swift */; };
		46C315AE2450704900AD5365 /* ProductType.swift in Sources */ = {isa = PBXBuildFile; fileRef = 46C315AD2450704900AD5365 /* ProductType.swift */; };
		46C315B02450728800AD5365 /* ProductInputTest.swift in Sources */ = {isa = PBXBuildFile; fileRef = 46C315AF2450728800AD5365 /* ProductInputTest.swift */; };
		46C315B22450748900AD5365 /* StateModel.swift in Sources */ = {isa = PBXBuildFile; fileRef = 46C315B12450748900AD5365 /* StateModel.swift */; };
		46C315B4245075FE00AD5365 /* StateModelTest.swift in Sources */ = {isa = PBXBuildFile; fileRef = 46C315B3245075FE00AD5365 /* StateModelTest.swift */; };
		46C315B924509B1100AD5365 /* AddToCartViewModel.swift in Sources */ = {isa = PBXBuildFile; fileRef = 46C315B824509B1100AD5365 /* AddToCartViewModel.swift */; };
		46C315BD24509B4900AD5365 /* AddToCartViewModelTest.swift in Sources */ = {isa = PBXBuildFile; fileRef = 46C315BC24509B4900AD5365 /* AddToCartViewModelTest.swift */; };
		46C315BF24509D7300AD5365 /* TaxCalculator.swift in Sources */ = {isa = PBXBuildFile; fileRef = 46C315BE24509D7300AD5365 /* TaxCalculator.swift */; };
		46C315C12450A15500AD5365 /* DiscountCalculator.swift in Sources */ = {isa = PBXBuildFile; fileRef = 46C315C02450A15500AD5365 /* DiscountCalculator.swift */; };
/* End PBXBuildFile section */

/* Begin PBXContainerItemProxy section */
		46C3159A244F729600AD5365 /* PBXContainerItemProxy */ = {
			isa = PBXContainerItemProxy;
			containerPortal = 46C3157B244F729100AD5365 /* Project object */;
			proxyType = 1;
			remoteGlobalIDString = 46C31582244F729100AD5365;
			remoteInfo = OnlineShop;
		};
/* End PBXContainerItemProxy section */

/* Begin PBXFileReference section */
		46C31583244F729100AD5365 /* OnlineShop.app */ = {isa = PBXFileReference; explicitFileType = wrapper.application; includeInIndex = 0; path = OnlineShop.app; sourceTree = BUILT_PRODUCTS_DIR; };
		46C31586244F729100AD5365 /* AppDelegate.swift */ = {isa = PBXFileReference; lastKnownFileType = sourcecode.swift; path = AppDelegate.swift; sourceTree = "<group>"; };
		46C31588244F729100AD5365 /* SceneDelegate.swift */ = {isa = PBXFileReference; lastKnownFileType = sourcecode.swift; path = SceneDelegate.swift; sourceTree = "<group>"; };
		46C3158A244F729100AD5365 /* ViewController.swift */ = {isa = PBXFileReference; lastKnownFileType = sourcecode.swift; path = ViewController.swift; sourceTree = "<group>"; };
		46C3158D244F729100AD5365 /* Base */ = {isa = PBXFileReference; lastKnownFileType = file.storyboard; name = Base; path = Base.lproj/Main.storyboard; sourceTree = "<group>"; };
		46C3158F244F729500AD5365 /* Assets.xcassets */ = {isa = PBXFileReference; lastKnownFileType = folder.assetcatalog; path = Assets.xcassets; sourceTree = "<group>"; };
		46C31592244F729500AD5365 /* Base */ = {isa = PBXFileReference; lastKnownFileType = file.storyboard; name = Base; path = Base.lproj/LaunchScreen.storyboard; sourceTree = "<group>"; };
		46C31594244F729500AD5365 /* Info.plist */ = {isa = PBXFileReference; lastKnownFileType = text.plist.xml; path = Info.plist; sourceTree = "<group>"; };
		46C31599244F729600AD5365 /* OnlineShopTests.xctest */ = {isa = PBXFileReference; explicitFileType = wrapper.cfbundle; includeInIndex = 0; path = OnlineShopTests.xctest; sourceTree = BUILT_PRODUCTS_DIR; };
		46C3159F244F729600AD5365 /* Info.plist */ = {isa = PBXFileReference; lastKnownFileType = text.plist.xml; path = Info.plist; sourceTree = "<group>"; };
		46C315AB245055C300AD5365 /* ProductInput.swift */ = {isa = PBXFileReference; lastKnownFileType = sourcecode.swift; path = ProductInput.swift; sourceTree = "<group>"; };
		46C315AD2450704900AD5365 /* ProductType.swift */ = {isa = PBXFileReference; lastKnownFileType = sourcecode.swift; path = ProductType.swift; sourceTree = "<group>"; };
		46C315AF2450728800AD5365 /* ProductInputTest.swift */ = {isa = PBXFileReference; lastKnownFileType = sourcecode.swift; path = ProductInputTest.swift; sourceTree = "<group>"; };
		46C315B12450748900AD5365 /* StateModel.swift */ = {isa = PBXFileReference; lastKnownFileType = sourcecode.swift; path = StateModel.swift; sourceTree = "<group>"; };
		46C315B3245075FE00AD5365 /* StateModelTest.swift */ = {isa = PBXFileReference; lastKnownFileType = sourcecode.swift; path = StateModelTest.swift; sourceTree = "<group>"; };
		46C315B824509B1100AD5365 /* AddToCartViewModel.swift */ = {isa = PBXFileReference; lastKnownFileType = sourcecode.swift; path = AddToCartViewModel.swift; sourceTree = "<group>"; };
		46C315BC24509B4900AD5365 /* AddToCartViewModelTest.swift */ = {isa = PBXFileReference; lastKnownFileType = sourcecode.swift; path = AddToCartViewModelTest.swift; sourceTree = "<group>"; };
		46C315BE24509D7300AD5365 /* TaxCalculator.swift */ = {isa = PBXFileReference; lastKnownFileType = sourcecode.swift; path = TaxCalculator.swift; sourceTree = "<group>"; };
		46C315C02450A15500AD5365 /* DiscountCalculator.swift */ = {isa = PBXFileReference; lastKnownFileType = sourcecode.swift; path = DiscountCalculator.swift; sourceTree = "<group>"; };
/* End PBXFileReference section */

/* Begin PBXFrameworksBuildPhase section */
		46C31580244F729100AD5365 /* Frameworks */ = {
			isa = PBXFrameworksBuildPhase;
			buildActionMask = 2147483647;
			files = (
			);
			runOnlyForDeploymentPostprocessing = 0;
		};
		46C31596244F729600AD5365 /* Frameworks */ = {
			isa = PBXFrameworksBuildPhase;
			buildActionMask = 2147483647;
			files = (
			);
			runOnlyForDeploymentPostprocessing = 0;
		};
/* End PBXFrameworksBuildPhase section */

/* Begin PBXGroup section */
		46C3157A244F729100AD5365 = {
			isa = PBXGroup;
			children = (
				46C31585244F729100AD5365 /* OnlineShop */,
				46C3159C244F729600AD5365 /* OnlineShopTests */,
				46C31584244F729100AD5365 /* Products */,
			);
			sourceTree = "<group>";
		};
		46C31584244F729100AD5365 /* Products */ = {
			isa = PBXGroup;
			children = (
				46C31583244F729100AD5365 /* OnlineShop.app */,
				46C31599244F729600AD5365 /* OnlineShopTests.xctest */,
			);
			name = Products;
			sourceTree = "<group>";
		};
		46C31585244F729100AD5365 /* OnlineShop */ = {
			isa = PBXGroup;
			children = (
				46C315A82450559500AD5365 /* Modules */,
				46C31586244F729100AD5365 /* AppDelegate.swift */,
				46C31588244F729100AD5365 /* SceneDelegate.swift */,
				46C3158A244F729100AD5365 /* ViewController.swift */,
				46C3158C244F729100AD5365 /* Main.storyboard */,
				46C3158F244F729500AD5365 /* Assets.xcassets */,
				46C31591244F729500AD5365 /* LaunchScreen.storyboard */,
				46C31594244F729500AD5365 /* Info.plist */,
			);
			path = OnlineShop;
			sourceTree = "<group>";
		};
		46C3159C244F729600AD5365 /* OnlineShopTests */ = {
			isa = PBXGroup;
			children = (
				46C315B3245075FE00AD5365 /* StateModelTest.swift */,
				46C315AF2450728800AD5365 /* ProductInputTest.swift */,
				46C3159F244F729600AD5365 /* Info.plist */,
				46C315BC24509B4900AD5365 /* AddToCartViewModelTest.swift */,
			);
			path = OnlineShopTests;
			sourceTree = "<group>";
		};
		46C315A82450559500AD5365 /* Modules */ = {
			isa = PBXGroup;
			children = (
				46C315A9245055A200AD5365 /* AddToCart */,
			);
			path = Modules;
			sourceTree = "<group>";
		};
		46C315A9245055A200AD5365 /* AddToCart */ = {
			isa = PBXGroup;
			children = (
				46C315AA245055AB00AD5365 /* Model */,
				46C315B724509AF400AD5365 /* ViewModel */,
			);
			path = AddToCart;
			sourceTree = "<group>";
		};
		46C315AA245055AB00AD5365 /* Model */ = {
			isa = PBXGroup;
			children = (
				46C315AB245055C300AD5365 /* ProductInput.swift */,
				46C315AD2450704900AD5365 /* ProductType.swift */,
				46C315B12450748900AD5365 /* StateModel.swift */,
			);
			path = Model;
			sourceTree = "<group>";
		};
		46C315B724509AF400AD5365 /* ViewModel */ = {
			isa = PBXGroup;
			children = (
				46C315B824509B1100AD5365 /* AddToCartViewModel.swift */,
				46C315BE24509D7300AD5365 /* TaxCalculator.swift */,
				46C315C02450A15500AD5365 /* DiscountCalculator.swift */,
			);
			path = ViewModel;
			sourceTree = "<group>";
		};
/* End PBXGroup section */

/* Begin PBXNativeTarget section */
		46C31582244F729100AD5365 /* OnlineShop */ = {
			isa = PBXNativeTarget;
			buildConfigurationList = 46C315A2244F729600AD5365 /* Build configuration list for PBXNativeTarget "OnlineShop" */;
			buildPhases = (
				46C3157F244F729100AD5365 /* Sources */,
				46C31580244F729100AD5365 /* Frameworks */,
				46C31581244F729100AD5365 /* Resources */,
			);
			buildRules = (
			);
			dependencies = (
			);
			name = OnlineShop;
			productName = OnlineShop;
			productReference = 46C31583244F729100AD5365 /* OnlineShop.app */;
			productType = "com.apple.product-type.application";
		};
		46C31598244F729600AD5365 /* OnlineShopTests */ = {
			isa = PBXNativeTarget;
			buildConfigurationList = 46C315A5244F729600AD5365 /* Build configuration list for PBXNativeTarget "OnlineShopTests" */;
			buildPhases = (
				46C31595244F729600AD5365 /* Sources */,
				46C31596244F729600AD5365 /* Frameworks */,
				46C31597244F729600AD5365 /* Resources */,
			);
			buildRules = (
			);
			dependencies = (
				46C3159B244F729600AD5365 /* PBXTargetDependency */,
			);
			name = OnlineShopTests;
			productName = OnlineShopTests;
			productReference = 46C31599244F729600AD5365 /* OnlineShopTests.xctest */;
			productType = "com.apple.product-type.bundle.unit-test";
		};
/* End PBXNativeTarget section */

/* Begin PBXProject section */
		46C3157B244F729100AD5365 /* Project object */ = {
			isa = PBXProject;
			attributes = {
				LastSwiftUpdateCheck = 1130;
				LastUpgradeCheck = 1130;
				ORGANIZATIONNAME = Jeyanthinathan;
				TargetAttributes = {
					46C31582244F729100AD5365 = {
						CreatedOnToolsVersion = 11.3;
					};
					46C31598244F729600AD5365 = {
						CreatedOnToolsVersion = 11.3;
						TestTargetID = 46C31582244F729100AD5365;
					};
				};
			};
			buildConfigurationList = 46C3157E244F729100AD5365 /* Build configuration list for PBXProject "OnlineShop" */;
			compatibilityVersion = "Xcode 9.3";
			developmentRegion = en;
			hasScannedForEncodings = 0;
			knownRegions = (
				en,
				Base,
			);
			mainGroup = 46C3157A244F729100AD5365;
			productRefGroup = 46C31584244F729100AD5365 /* Products */;
			projectDirPath = "";
			projectRoot = "";
			targets = (
				46C31582244F729100AD5365 /* OnlineShop */,
				46C31598244F729600AD5365 /* OnlineShopTests */,
			);
		};
/* End PBXProject section */

/* Begin PBXResourcesBuildPhase section */
		46C31581244F729100AD5365 /* Resources */ = {
			isa = PBXResourcesBuildPhase;
			buildActionMask = 2147483647;
			files = (
				46C31593244F729500AD5365 /* LaunchScreen.storyboard in Resources */,
				46C31590244F729500AD5365 /* Assets.xcassets in Resources */,
				46C3158E244F729100AD5365 /* Main.storyboard in Resources */,
			);
			runOnlyForDeploymentPostprocessing = 0;
		};
		46C31597244F729600AD5365 /* Resources */ = {
			isa = PBXResourcesBuildPhase;
			buildActionMask = 2147483647;
			files = (
			);
			runOnlyForDeploymentPostprocessing = 0;
		};
/* End PBXResourcesBuildPhase section */

/* Begin PBXSourcesBuildPhase section */
		46C3157F244F729100AD5365 /* Sources */ = {
			isa = PBXSourcesBuildPhase;
			buildActionMask = 2147483647;
			files = (
				46C315C12450A15500AD5365 /* DiscountCalculator.swift in Sources */,
				46C315B924509B1100AD5365 /* AddToCartViewModel.swift in Sources */,
				46C315AE2450704900AD5365 /* ProductType.swift in Sources */,
				46C315B22450748900AD5365 /* StateModel.swift in Sources */,
				46C3158B244F729100AD5365 /* ViewController.swift in Sources */,
				46C31587244F729100AD5365 /* AppDelegate.swift in Sources */,
				46C315BF24509D7300AD5365 /* TaxCalculator.swift in Sources */,
				46C315AC245055C300AD5365 /* ProductInput.swift in Sources */,
				46C31589244F729100AD5365 /* SceneDelegate.swift in Sources */,
			);
			runOnlyForDeploymentPostprocessing = 0;
		};
		46C31595244F729600AD5365 /* Sources */ = {
			isa = PBXSourcesBuildPhase;
			buildActionMask = 2147483647;
			files = (
				46C315B02450728800AD5365 /* ProductInputTest.swift in Sources */,
				46C315BD24509B4900AD5365 /* AddToCartViewModelTest.swift in Sources */,
				46C315B4245075FE00AD5365 /* StateModelTest.swift in Sources */,
			);
			runOnlyForDeploymentPostprocessing = 0;
		};
/* End PBXSourcesBuildPhase section */

/* Begin PBXTargetDependency section */
		46C3159B244F729600AD5365 /* PBXTargetDependency */ = {
			isa = PBXTargetDependency;
			target = 46C31582244F729100AD5365 /* OnlineShop */;
			targetProxy = 46C3159A244F729600AD5365 /* PBXContainerItemProxy */;
		};
/* End PBXTargetDependency section */

/* Begin PBXVariantGroup section */
		46C3158C244F729100AD5365 /* Main.storyboard */ = {
			isa = PBXVariantGroup;
			children = (
				46C3158D244F729100AD5365 /* Base */,
			);
			name = Main.storyboard;
			sourceTree = "<group>";
		};
		46C31591244F729500AD5365 /* LaunchScreen.storyboard */ = {
			isa = PBXVariantGroup;
			children = (
				46C31592244F729500AD5365 /* Base */,
			);
			name = LaunchScreen.storyboard;
			sourceTree = "<group>";
		};
/* End PBXVariantGroup section */

/* Begin XCBuildConfiguration section */
		46C315A0244F729600AD5365 /* Debug */ = {
			isa = XCBuildConfiguration;
			buildSettings = {
				ALWAYS_SEARCH_USER_PATHS = NO;
				CLANG_ANALYZER_NONNULL = YES;
				CLANG_ANALYZER_NUMBER_OBJECT_CONVERSION = YES_AGGRESSIVE;
				CLANG_CXX_LANGUAGE_STANDARD = "gnu++14";
				CLANG_CXX_LIBRARY = "libc++";
				CLANG_ENABLE_MODULES = YES;
				CLANG_ENABLE_OBJC_ARC = YES;
				CLANG_ENABLE_OBJC_WEAK = YES;
				CLANG_WARN_BLOCK_CAPTURE_AUTORELEASING = YES;
				CLANG_WARN_BOOL_CONVERSION = YES;
				CLANG_WARN_COMMA = YES;
				CLANG_WARN_CONSTANT_CONVERSION = YES;
				CLANG_WARN_DEPRECATED_OBJC_IMPLEMENTATIONS = YES;
				CLANG_WARN_DIRECT_OBJC_ISA_USAGE = YES_ERROR;
				CLANG_WARN_DOCUMENTATION_COMMENTS = YES;
				CLANG_WARN_EMPTY_BODY = YES;
				CLANG_WARN_ENUM_CONVERSION = YES;
				CLANG_WARN_INFINITE_RECURSION = YES;
				CLANG_WARN_INT_CONVERSION = YES;
				CLANG_WARN_NON_LITERAL_NULL_CONVERSION = YES;
				CLANG_WARN_OBJC_IMPLICIT_RETAIN_SELF = YES;
				CLANG_WARN_OBJC_LITERAL_CONVERSION = YES;
				CLANG_WARN_OBJC_ROOT_CLASS = YES_ERROR;
				CLANG_WARN_RANGE_LOOP_ANALYSIS = YES;
				CLANG_WARN_STRICT_PROTOTYPES = YES;
				CLANG_WARN_SUSPICIOUS_MOVE = YES;
				CLANG_WARN_UNGUARDED_AVAILABILITY = YES_AGGRESSIVE;
				CLANG_WARN_UNREACHABLE_CODE = YES;
				CLANG_WARN__DUPLICATE_METHOD_MATCH = YES;
				COPY_PHASE_STRIP = NO;
				DEBUG_INFORMATION_FORMAT = dwarf;
				ENABLE_STRICT_OBJC_MSGSEND = YES;
				ENABLE_TESTABILITY = YES;
				GCC_C_LANGUAGE_STANDARD = gnu11;
				GCC_DYNAMIC_NO_PIC = NO;
				GCC_NO_COMMON_BLOCKS = YES;
				GCC_OPTIMIZATION_LEVEL = 0;
				GCC_PREPROCESSOR_DEFINITIONS = (
					"DEBUG=1",
					"$(inherited)",
				);
				GCC_WARN_64_TO_32_BIT_CONVERSION = YES;
				GCC_WARN_ABOUT_RETURN_TYPE = YES_ERROR;
				GCC_WARN_UNDECLARED_SELECTOR = YES;
				GCC_WARN_UNINITIALIZED_AUTOS = YES_AGGRESSIVE;
				GCC_WARN_UNUSED_FUNCTION = YES;
				GCC_WARN_UNUSED_VARIABLE = YES;
				IPHONEOS_DEPLOYMENT_TARGET = 13.2;
				MTL_ENABLE_DEBUG_INFO = INCLUDE_SOURCE;
				MTL_FAST_MATH = YES;
				ONLY_ACTIVE_ARCH = YES;
				SDKROOT = iphoneos;
				SWIFT_ACTIVE_COMPILATION_CONDITIONS = DEBUG;
				SWIFT_OPTIMIZATION_LEVEL = "-Onone";
			};
			name = Debug;
		};
		46C315A1244F729600AD5365 /* Release */ = {
			isa = XCBuildConfiguration;
			buildSettings = {
				ALWAYS_SEARCH_USER_PATHS = NO;
				CLANG_ANALYZER_NONNULL = YES;
				CLANG_ANALYZER_NUMBER_OBJECT_CONVERSION = YES_AGGRESSIVE;
				CLANG_CXX_LANGUAGE_STANDARD = "gnu++14";
				CLANG_CXX_LIBRARY = "libc++";
				CLANG_ENABLE_MODULES = YES;
				CLANG_ENABLE_OBJC_ARC = YES;
				CLANG_ENABLE_OBJC_WEAK = YES;
				CLANG_WARN_BLOCK_CAPTURE_AUTORELEASING = YES;
				CLANG_WARN_BOOL_CONVERSION = YES;
				CLANG_WARN_COMMA = YES;
				CLANG_WARN_CONSTANT_CONVERSION = YES;
				CLANG_WARN_DEPRECATED_OBJC_IMPLEMENTATIONS = YES;
				CLANG_WARN_DIRECT_OBJC_ISA_USAGE = YES_ERROR;
				CLANG_WARN_DOCUMENTATION_COMMENTS = YES;
				CLANG_WARN_EMPTY_BODY = YES;
				CLANG_WARN_ENUM_CONVERSION = YES;
				CLANG_WARN_INFINITE_RECURSION = YES;
				CLANG_WARN_INT_CONVERSION = YES;
				CLANG_WARN_NON_LITERAL_NULL_CONVERSION = YES;
				CLANG_WARN_OBJC_IMPLICIT_RETAIN_SELF = YES;
				CLANG_WARN_OBJC_LITERAL_CONVERSION = YES;
				CLANG_WARN_OBJC_ROOT_CLASS = YES_ERROR;
				CLANG_WARN_RANGE_LOOP_ANALYSIS = YES;
				CLANG_WARN_STRICT_PROTOTYPES = YES;
				CLANG_WARN_SUSPICIOUS_MOVE = YES;
				CLANG_WARN_UNGUARDED_AVAILABILITY = YES_AGGRESSIVE;
				CLANG_WARN_UNREACHABLE_CODE = YES;
				CLANG_WARN__DUPLICATE_METHOD_MATCH = YES;
				COPY_PHASE_STRIP = NO;
				DEBUG_INFORMATION_FORMAT = "dwarf-with-dsym";
				ENABLE_NS_ASSERTIONS = NO;
				ENABLE_STRICT_OBJC_MSGSEND = YES;
				GCC_C_LANGUAGE_STANDARD = gnu11;
				GCC_NO_COMMON_BLOCKS = YES;
				GCC_WARN_64_TO_32_BIT_CONVERSION = YES;
				GCC_WARN_ABOUT_RETURN_TYPE = YES_ERROR;
				GCC_WARN_UNDECLARED_SELECTOR = YES;
				GCC_WARN_UNINITIALIZED_AUTOS = YES_AGGRESSIVE;
				GCC_WARN_UNUSED_FUNCTION = YES;
				GCC_WARN_UNUSED_VARIABLE = YES;
				IPHONEOS_DEPLOYMENT_TARGET = 13.2;
				MTL_ENABLE_DEBUG_INFO = NO;
				MTL_FAST_MATH = YES;
				SDKROOT = iphoneos;
				SWIFT_COMPILATION_MODE = wholemodule;
				SWIFT_OPTIMIZATION_LEVEL = "-O";
				VALIDATE_PRODUCT = YES;
			};
			name = Release;
		};
		46C315A3244F729600AD5365 /* Debug */ = {
			isa = XCBuildConfiguration;
			buildSettings = {
				ASSETCATALOG_COMPILER_APPICON_NAME = AppIcon;
				CODE_SIGN_STYLE = Automatic;
				DEVELOPMENT_TEAM = Z7ZN8NPW3D;
				INFOPLIST_FILE = OnlineShop/Info.plist;
				LD_RUNPATH_SEARCH_PATHS = (
					"$(inherited)",
					"@executable_path/Frameworks",
				);
				PRODUCT_BUNDLE_IDENTIFIER = com.OnlineShop;
				PRODUCT_NAME = "$(TARGET_NAME)";
				SWIFT_VERSION = 5.0;
				TARGETED_DEVICE_FAMILY = "1,2";
			};
			name = Debug;
		};
		46C315A4244F729600AD5365 /* Release */ = {
			isa = XCBuildConfiguration;
			buildSettings = {
				ASSETCATALOG_COMPILER_APPICON_NAME = AppIcon;
				CODE_SIGN_STYLE = Automatic;
				DEVELOPMENT_TEAM = Z7ZN8NPW3D;
				INFOPLIST_FILE = OnlineShop/Info.plist;
				LD_RUNPATH_SEARCH_PATHS = (
					"$(inherited)",
					"@executable_path/Frameworks",
				);
				PRODUCT_BUNDLE_IDENTIFIER = com.OnlineShop;
				PRODUCT_NAME = "$(TARGET_NAME)";
				SWIFT_VERSION = 5.0;
				TARGETED_DEVICE_FAMILY = "1,2";
			};
			name = Release;
		};
		46C315A6244F729600AD5365 /* Debug */ = {
			isa = XCBuildConfiguration;
			buildSettings = {
				ALWAYS_EMBED_SWIFT_STANDARD_LIBRARIES = YES;
				BUNDLE_LOADER = "$(TEST_HOST)";
				CODE_SIGN_STYLE = Automatic;
				DEVELOPMENT_TEAM = Z7ZN8NPW3D;
				INFOPLIST_FILE = OnlineShopTests/Info.plist;
				IPHONEOS_DEPLOYMENT_TARGET = 13.2;
				LD_RUNPATH_SEARCH_PATHS = (
					"$(inherited)",
					"@executable_path/Frameworks",
					"@loader_path/Frameworks",
				);
				PRODUCT_BUNDLE_IDENTIFIER = com.OnlineShopTests;
				PRODUCT_NAME = "$(TARGET_NAME)";
				SWIFT_VERSION = 5.0;
				TARGETED_DEVICE_FAMILY = "1,2";
				TEST_HOST = "$(BUILT_PRODUCTS_DIR)/OnlineShop.app/OnlineShop";
			};
			name = Debug;
		};
		46C315A7244F729600AD5365 /* Release */ = {
			isa = XCBuildConfiguration;
			buildSettings = {
				ALWAYS_EMBED_SWIFT_STANDARD_LIBRARIES = YES;
				BUNDLE_LOADER = "$(TEST_HOST)";
				CODE_SIGN_STYLE = Automatic;
				DEVELOPMENT_TEAM = Z7ZN8NPW3D;
				INFOPLIST_FILE = OnlineShopTests/Info.plist;
				IPHONEOS_DEPLOYMENT_TARGET = 13.2;
				LD_RUNPATH_SEARCH_PATHS = (
					"$(inherited)",
					"@executable_path/Frameworks",
					"@loader_path/Frameworks",
				);
				PRODUCT_BUNDLE_IDENTIFIER = com.OnlineShopTests;
				PRODUCT_NAME = "$(TARGET_NAME)";
				SWIFT_VERSION = 5.0;
				TARGETED_DEVICE_FAMILY = "1,2";
				TEST_HOST = "$(BUILT_PRODUCTS_DIR)/OnlineShop.app/OnlineShop";
			};
			name = Release;
		};
/* End XCBuildConfiguration section */

/* Begin XCConfigurationList section */
		46C3157E244F729100AD5365 /* Build configuration list for PBXProject "OnlineShop" */ = {
			isa = XCConfigurationList;
			buildConfigurations = (
				46C315A0244F729600AD5365 /* Debug */,
				46C315A1244F729600AD5365 /* Release */,
			);
			defaultConfigurationIsVisible = 0;
			defaultConfigurationName = Release;
		};
		46C315A2244F729600AD5365 /* Build configuration list for PBXNativeTarget "OnlineShop" */ = {
			isa = XCConfigurationList;
			buildConfigurations = (
				46C315A3244F729600AD5365 /* Debug */,
				46C315A4244F729600AD5365 /* Release */,
			);
			defaultConfigurationIsVisible = 0;
			defaultConfigurationName = Release;
		};
		46C315A5244F729600AD5365 /* Build configuration list for PBXNativeTarget "OnlineShopTests" */ = {
			isa = XCConfigurationList;
			buildConfigurations = (
				46C315A6244F729600AD5365 /* Debug */,
				46C315A7244F729600AD5365 /* Release */,
			);
			defaultConfigurationIsVisible = 0;
			defaultConfigurationName = Release;
		};
/* End XCConfigurationList section */
	};
	rootObject = 46C3157B244F729100AD5365 /* Project object */;
}
